
Microsoft Visual Studio Solution File, Format Version 12.00
# Visual Studio 2012
Project("{FAE04EC0-301F-11D3-BF4B-00C04F79EFBC}") = "KingdomHallTimer", "Presentation\KingdomHallTimer.csproj", "{295E4BC9-0BE6-463A-9DE3-0056FDC2737E}"
EndProject
Global
	GlobalSection(SolutionConfigurationPlatforms) = preSolution
		Debug|Any CPU = Debug|Any CPU
		Release|Any CPU = Release|Any CPU
	EndGlobalSection
	GlobalSection(ProjectConfigurationPlatforms) = postSolution
		{295E4BC9-0BE6-463A-9DE3-0056FDC2737E}.Debug|Any CPU.ActiveCfg = Debug|Any CPU
		{295E4BC9-0BE6-463A-9DE3-0056FDC2737E}.Debug|Any CPU.Build.0 = Debug|Any CPU
		{295E4BC9-0BE6-463A-9DE3-0056FDC2737E}.Release|Any CPU.ActiveCfg = Release|Any CPU
		{295E4BC9-0BE6-463A-9DE3-0056FDC2737E}.Release|Any CPU.Build.0 = Release|Any CPU
	EndGlobalSection
	GlobalSection(SolutionProperties) = preSolution
		HideSolutionNode = FALSE
	EndGlobalSection
EndGlobal
